
Microsoft Visual Studio Solution File, Format Version 12.00
# Visual Studio 2012
Project("{FAE04EC0-301F-11D3-BF4B-00C04F79EFBC}") = "CarpetCalc", "CarpetCalc\CarpetCalc.csproj", "{DC3D7E15-386C-40E1-8DE9-389A1A40B204}"
EndProject
Global
	GlobalSection(SolutionConfigurationPlatforms) = preSolution
		Debug|Any CPU = Debug|Any CPU
		Release|Any CPU = Release|Any CPU
	EndGlobalSection
	GlobalSection(ProjectConfigurationPlatforms) = postSolution
		{DC3D7E15-386C-40E1-8DE9-389A1A40B204}.Debug|Any CPU.ActiveCfg = Debug|Any CPU
		{DC3D7E15-386C-40E1-8DE9-389A1A40B204}.Debug|Any CPU.Build.0 = Debug|Any CPU
		{DC3D7E15-386C-40E1-8DE9-389A1A40B204}.Release|Any CPU.ActiveCfg = Release|Any CPU
		{DC3D7E15-386C-40E1-8DE9-389A1A40B204}.Release|Any CPU.Build.0 = Release|Any CPU
	EndGlobalSection
	GlobalSection(SolutionProperties) = preSolution
		HideSolutionNode = FALSE
	EndGlobalSection
EndGlobal
